{
    "version": 3,
    "terraform_version": "0.10.4",
    "serial": 10,
    "lineage": "bed47d01-86e3-4a2c-88aa-2bc02676c04b",
    "modules": [
        {
            "path": [
                "root"
            ],
            "outputs": {},
            "resources": {
                "aws_instance.ec2-vault.0": {
                    "type": "aws_instance",
                    "depends_on": [
                        "aws_security_group.ec2"
                    ],
                    "primary": {
                        "id": "i-0b0c1831923535906",
                        "attributes": {
                            "ami": "ami-cd0f5cb6",
                            "associate_public_ip_address": "true",
                            "availability_zone": "us-east-1a",
                            "disable_api_termination": "false",
                            "ebs_block_device.#": "0",
                            "ebs_optimized": "false",
                            "ephemeral_block_device.#": "0",
                            "iam_instance_profile": "",
                            "id": "i-0b0c1831923535906",
                            "instance_state": "running",
                            "instance_type": "t2.micro",
                            "ipv6_addresses.#": "0",
                            "key_name": "vault",
                            "monitoring": "false",
                            "network_interface.#": "0",
                            "network_interface_id": "eni-fc9ff848",
                            "primary_network_interface_id": "eni-fc9ff848",
                            "private_dns": "ip-10-0-0-7.ec2.internal",
                            "private_ip": "10.0.0.7",
                            "public_dns": "ec2-34-230-69-147.compute-1.amazonaws.com",
                            "public_ip": "34.230.69.147",
                            "root_block_device.#": "1",
                            "root_block_device.0.delete_on_termination": "true",
                            "root_block_device.0.iops": "150",
                            "root_block_device.0.volume_size": "50",
                            "root_block_device.0.volume_type": "gp2",
                            "security_groups.#": "0",
                            "source_dest_check": "true",
                            "subnet_id": "subnet-bda4e7e6",
                            "tags.%": "1",
                            "tags.Name": "vault",
                            "tenancy": "default",
                            "volume_tags.%": "0",
                            "vpc_security_group_ids.#": "1",
                            "vpc_security_group_ids.4025713585": "sg-54d8cf27"
                        },
                        "meta": {
                            "e2bfb730-ecaa-11e6-8f88-34363bc7c4c0": {
                                "create": 600000000000,
                                "delete": 600000000000,
                                "update": 600000000000
                            },
                            "schema_version": "1"
                        },
                        "tainted": false
                    },
                    "deposed": [],
                    "provider": ""
                },
                "aws_instance.ec2-vault.1": {
                    "type": "aws_instance",
                    "depends_on": [
                        "aws_security_group.ec2"
                    ],
                    "primary": {
                        "id": "i-0ba76592a5165aae7",
                        "attributes": {
                            "ami": "ami-cd0f5cb6",
                            "associate_public_ip_address": "true",
                            "availability_zone": "us-east-1e",
                            "disable_api_termination": "false",
                            "ebs_block_device.#": "0",
                            "ebs_optimized": "false",
                            "ephemeral_block_device.#": "0",
                            "iam_instance_profile": "",
                            "id": "i-0ba76592a5165aae7",
                            "instance_state": "running",
                            "instance_type": "t2.micro",
                            "ipv6_addresses.#": "0",
                            "key_name": "vault",
                            "monitoring": "false",
                            "network_interface.#": "0",
                            "network_interface_id": "eni-8364ee80",
                            "primary_network_interface_id": "eni-8364ee80",
                            "private_dns": "ip-10-0-3-180.ec2.internal",
                            "private_ip": "10.0.3.180",
                            "public_dns": "ec2-34-207-57-121.compute-1.amazonaws.com",
                            "public_ip": "34.207.57.121",
                            "root_block_device.#": "1",
                            "root_block_device.0.delete_on_termination": "true",
                            "root_block_device.0.iops": "150",
                            "root_block_device.0.volume_size": "50",
                            "root_block_device.0.volume_type": "gp2",
                            "security_groups.#": "0",
                            "source_dest_check": "true",
                            "subnet_id": "subnet-ce7cf5f2",
                            "tags.%": "1",
                            "tags.Name": "vault",
                            "tenancy": "default",
                            "volume_tags.%": "0",
                            "vpc_security_group_ids.#": "1",
                            "vpc_security_group_ids.4025713585": "sg-54d8cf27"
                        },
                        "meta": {
                            "e2bfb730-ecaa-11e6-8f88-34363bc7c4c0": {
                                "create": 600000000000,
                                "delete": 600000000000,
                                "update": 600000000000
                            },
                            "schema_version": "1"
                        },
                        "tainted": false
                    },
                    "deposed": [],
                    "provider": ""
                },
                "aws_instance.ec2-vault.2": {
                    "type": "aws_instance",
                    "depends_on": [
                        "aws_security_group.ec2"
                    ],
                    "primary": {
                        "id": "i-03991233903853183",
                        "attributes": {
                            "ami": "ami-cd0f5cb6",
                            "associate_public_ip_address": "true",
                            "availability_zone": "us-east-1c",
                            "disable_api_termination": "false",
                            "ebs_block_device.#": "0",
                            "ebs_optimized": "false",
                            "ephemeral_block_device.#": "0",
                            "iam_instance_profile": "",
                            "id": "i-03991233903853183",
                            "instance_state": "running",
                            "instance_type": "t2.micro",
                            "ipv6_addresses.#": "0",
                            "key_name": "vault",
                            "monitoring": "false",
                            "network_interface.#": "0",
                            "network_interface_id": "eni-5e9967d4",
                            "primary_network_interface_id": "eni-5e9967d4",
                            "private_dns": "ip-10-0-1-71.ec2.internal",
                            "private_ip": "10.0.1.71",
                            "public_dns": "ec2-54-237-176-11.compute-1.amazonaws.com",
                            "public_ip": "54.237.176.11",
                            "root_block_device.#": "1",
                            "root_block_device.0.delete_on_termination": "true",
                            "root_block_device.0.iops": "150",
                            "root_block_device.0.volume_size": "50",
                            "root_block_device.0.volume_type": "gp2",
                            "security_groups.#": "0",
                            "source_dest_check": "true",
                            "subnet_id": "subnet-ae085c83",
                            "tags.%": "1",
                            "tags.Name": "vault",
                            "tenancy": "default",
                            "volume_tags.%": "0",
                            "vpc_security_group_ids.#": "1",
                            "vpc_security_group_ids.4025713585": "sg-54d8cf27"
                        },
                        "meta": {
                            "e2bfb730-ecaa-11e6-8f88-34363bc7c4c0": {
                                "create": 600000000000,
                                "delete": 600000000000,
                                "update": 600000000000
                            },
                            "schema_version": "1"
                        },
                        "tainted": false
                    },
                    "deposed": [],
                    "provider": ""
                },
                "aws_key_pair.key-public": {
                    "type": "aws_key_pair",
                    "depends_on": [],
                    "primary": {
                        "id": "vault",
                        "attributes": {
                            "id": "vault",
                            "key_name": "vault",
                            "public_key": "ssh-rsa AAAAB3NzaC1yc2EAAAADAQABAAACAQDZB8Vz2ieeQ02muVyR9ibc3LGfe0ud2VTcQNLUwXjd10WvjqvhSxEiEZu44Zrz93l5s9TO9WFm/9H/K7tdCdmQPoRnFT34UQ0rRavMjGIjm5WTJSccwToQ/G2/gX6DJ8dDI2HiXmV8xJ56tAupWeKjsRwaX0a9GftEJIbslsAiVANyO9bGOACWq75Cripxz+YTp6bEl6vXb0CpuUIZ5sKLhlKjQzHxddPl2HbQYyegr/vtMkjL8IosHYBpSoZkGzOwXeTDK6XaMtWCxlopu7jqjbq+rNE+ymRnIYEU7WQ547y9N62oAag6nGSy42TcUxmYwHgjTXlNFWvvj+K7en4gJHccMFDN2376iT6MTeawhjcOamWZOmy7+65m0Dcp0EN4QeJJULlFaB5xJdSyDa2JdZ9I8Z4eWF9eq5wdK/fIr12GBVprNgdCMH5fKBcfoTGJ/dOFgkW8G4lFDOlo4BZmsr/wks0/Zt0XOOrhNcW4KfxCcUCEkpsy2lncfoqE+MtYR9wn3QOgM+x5qLEaI9IKWItT3q1W4PRTZynwOxw8BHIaPU2hVo20JDa3sPed+WPKVOccU5y71K9eNptgvUiTHcNqzbSayFjlYbxVcIlwPA/PWW388f6+Pre8pXGaTARaxhBJAOedRLfyidpiNYa9YkHIvwqdMpl060LRTyU4Yw== vault"
                        },
                        "meta": {
                            "schema_version": "1"
                        },
                        "tainted": false
                    },
                    "deposed": [],
                    "provider": ""
                },
                "aws_security_group.ec2": {
                    "type": "aws_security_group",
                    "depends_on": [],
                    "primary": {
                        "id": "sg-54d8cf27",
                        "attributes": {
                            "description": "Managed by Terraform",
                            "egress.#": "1",
                            "egress.482069346.cidr_blocks.#": "1",
                            "egress.482069346.cidr_blocks.0": "0.0.0.0/0",
                            "egress.482069346.from_port": "0",
                            "egress.482069346.ipv6_cidr_blocks.#": "0",
                            "egress.482069346.prefix_list_ids.#": "0",
                            "egress.482069346.protocol": "-1",
                            "egress.482069346.security_groups.#": "0",
                            "egress.482069346.self": "false",
                            "egress.482069346.to_port": "0",
                            "id": "sg-54d8cf27",
                            "ingress.#": "3",
                            "ingress.216457426.cidr_blocks.#": "1",
                            "ingress.216457426.cidr_blocks.0": "0.0.0.0/0",
                            "ingress.216457426.from_port": "8200",
                            "ingress.216457426.ipv6_cidr_blocks.#": "0",
                            "ingress.216457426.protocol": "tcp",
                            "ingress.216457426.security_groups.#": "0",
                            "ingress.216457426.self": "false",
                            "ingress.216457426.to_port": "8200",
                            "ingress.2541437006.cidr_blocks.#": "1",
                            "ingress.2541437006.cidr_blocks.0": "0.0.0.0/0",
                            "ingress.2541437006.from_port": "22",
                            "ingress.2541437006.ipv6_cidr_blocks.#": "0",
                            "ingress.2541437006.protocol": "tcp",
                            "ingress.2541437006.security_groups.#": "0",
                            "ingress.2541437006.self": "false",
                            "ingress.2541437006.to_port": "22",
                            "ingress.970639410.cidr_blocks.#": "1",
                            "ingress.970639410.cidr_blocks.0": "10.0.0.0/21",
                            "ingress.970639410.from_port": "0",
                            "ingress.970639410.ipv6_cidr_blocks.#": "0",
                            "ingress.970639410.protocol": "-1",
                            "ingress.970639410.security_groups.#": "0",
                            "ingress.970639410.self": "false",
                            "ingress.970639410.to_port": "0",
                            "name": "vault",
                            "owner_id": "605689560453",
                            "tags.%": "0",
                            "vpc_id": "vpc-a4f76ec2"
                        },
                        "meta": {},
                        "tainted": false
                    },
                    "deposed": [],
                    "provider": ""
                }
            },
            "depends_on": []
        }
    ]
}
